
Microsoft Visual Studio Solution File, Format Version 12.00
# Visual Studio Version 16
VisualStudioVersion = 16.0.30204.135
MinimumVisualStudioVersion = 10.0.40219.1
Project("{8BC9CEB8-8B4A-11D0-8D11-00A0C91BC942}") = "OGLProject", "OGLProject.vcxproj", "{DACD05D9-DB7B-4C5B-A87E-06DF4B00BE72}"
	ProjectSection(ProjectDependencies) = postProject
		{7FD17363-DD65-4B21-8798-72EDBF2C83AB} = {7FD17363-DD65-4B21-8798-72EDBF2C83AB}
	EndProjectSection
EndProject
Project("{8BC9CEB8-8B4A-11D0-8D11-00A0C91BC942}") = "OGLDependencies", "OGLDependencies\OGLDependencies.vcxproj", "{7FD17363-DD65-4B21-8798-72EDBF2C83AB}"
EndProject
Global
	GlobalSection(SolutionConfigurationPlatforms) = preSolution
		Debug|x64 = Debug|x64
		Debug|x86 = Debug|x86
		Release|x64 = Release|x64
		Release|x86 = Release|x86
	EndGlobalSection
	GlobalSection(ProjectConfigurationPlatforms) = postSolution
		{DACD05D9-DB7B-4C5B-A87E-06DF4B00BE72}.Debug|x64.ActiveCfg = Debug|x64
		{DACD05D9-DB7B-4C5B-A87E-06DF4B00BE72}.Debug|x64.Build.0 = Debug|x64
		{DACD05D9-DB7B-4C5B-A87E-06DF4B00BE72}.Debug|x86.ActiveCfg = Debug|Win32
		{DACD05D9-DB7B-4C5B-A87E-06DF4B00BE72}.Debug|x86.Build.0 = Debug|Win32
		{DACD05D9-DB7B-4C5B-A87E-06DF4B00BE72}.Release|x64.ActiveCfg = Release|x64
		{DACD05D9-DB7B-4C5B-A87E-06DF4B00BE72}.Release|x64.Build.0 = Release|x64
		{DACD05D9-DB7B-4C5B-A87E-06DF4B00BE72}.Release|x86.ActiveCfg = Release|Win32
		{DACD05D9-DB7B-4C5B-A87E-06DF4B00BE72}.Release|x86.Build.0 = Release|Win32
		{7FD17363-DD65-4B21-8798-72EDBF2C83AB}.Debug|x64.ActiveCfg = Debug|x64
		{7FD17363-DD65-4B21-8798-72EDBF2C83AB}.Debug|x64.Build.0 = Debug|x64
		{7FD17363-DD65-4B21-8798-72EDBF2C83AB}.Debug|x86.ActiveCfg = Debug|Win32
		{7FD17363-DD65-4B21-8798-72EDBF2C83AB}.Debug|x86.Build.0 = Debug|Win32
		{7FD17363-DD65-4B21-8798-72EDBF2C83AB}.Release|x64.ActiveCfg = Release|x64
		{7FD17363-DD65-4B21-8798-72EDBF2C83AB}.Release|x64.Build.0 = Release|x64
		{7FD17363-DD65-4B21-8798-72EDBF2C83AB}.Release|x86.ActiveCfg = Release|Win32
		{7FD17363-DD65-4B21-8798-72EDBF2C83AB}.Release|x86.Build.0 = Release|Win32
	EndGlobalSection
	GlobalSection(SolutionProperties) = preSolution
		HideSolutionNode = FALSE
	EndGlobalSection
	GlobalSection(ExtensibilityGlobals) = postSolution
		SolutionGuid = {C9AD57B4-1C73-4299-A8BE-832E551F21FB}
	EndGlobalSection
EndGlobal
